
Microsoft Visual Studio Solution File, Format Version 12.00
# Visual Studio Version 16
VisualStudioVersion = 16.0.29911.84
MinimumVisualStudioVersion = 10.0.40219.1
Project("{FAE04EC0-301F-11D3-BF4B-00C04F79EFBC}") = "Training", "Training\Training.csproj", "{FE4CA8CF-4D75-4CF6-A204-D653FA51EF96}"
EndProject
Global
	GlobalSection(SolutionConfigurationPlatforms) = preSolution
		Debug|Any CPU = Debug|Any CPU
		Release|Any CPU = Release|Any CPU
	EndGlobalSection
	GlobalSection(ProjectConfigurationPlatforms) = postSolution
		{FE4CA8CF-4D75-4CF6-A204-D653FA51EF96}.Debug|Any CPU.ActiveCfg = Debug|Any CPU
		{FE4CA8CF-4D75-4CF6-A204-D653FA51EF96}.Debug|Any CPU.Build.0 = Debug|Any CPU
		{FE4CA8CF-4D75-4CF6-A204-D653FA51EF96}.Release|Any CPU.ActiveCfg = Release|Any CPU
		{FE4CA8CF-4D75-4CF6-A204-D653FA51EF96}.Release|Any CPU.Build.0 = Release|Any CPU
	EndGlobalSection
	GlobalSection(SolutionProperties) = preSolution
		HideSolutionNode = FALSE
	EndGlobalSection
	GlobalSection(ExtensibilityGlobals) = postSolution
		SolutionGuid = {128BF6F8-1683-4E1D-B1F8-EAFCFB53DEE6}
	EndGlobalSection
EndGlobal
